
Microsoft Visual Studio Solution File, Format Version 12.00
# Visual Studio Version 17
VisualStudioVersion = 17.6.33815.320
MinimumVisualStudioVersion = 10.0.40219.1
Project("{8BC9CEB8-8B4A-11D0-8D11-00A0C91BC942}") = "VideoProject", "VideoProject\VideoProject.vcxproj", "{44D24594-F184-41A6-B0D3-5104B624A39F}"
EndProject
Project("{2150E333-8FDC-42A3-9474-1A3956D46DE8}") = "솔루션 항목", "솔루션 항목", "{107151ED-9BEE-47EF-AEBB-425F113F0614}"
	ProjectSection(SolutionItems) = preProject
		include\DefsTrace.h = include\DefsTrace.h
	EndProjectSection
EndProject
Global
	GlobalSection(SolutionConfigurationPlatforms) = preSolution
		Debug|x64 = Debug|x64
		Debug|x86 = Debug|x86
		Release|x64 = Release|x64
		Release|x86 = Release|x86
	EndGlobalSection
	GlobalSection(ProjectConfigurationPlatforms) = postSolution
		{44D24594-F184-41A6-B0D3-5104B624A39F}.Debug|x64.ActiveCfg = Debug|x64
		{44D24594-F184-41A6-B0D3-5104B624A39F}.Debug|x64.Build.0 = Debug|x64
		{44D24594-F184-41A6-B0D3-5104B624A39F}.Debug|x86.ActiveCfg = Debug|Win32
		{44D24594-F184-41A6-B0D3-5104B624A39F}.Debug|x86.Build.0 = Debug|Win32
		{44D24594-F184-41A6-B0D3-5104B624A39F}.Release|x64.ActiveCfg = Release|x64
		{44D24594-F184-41A6-B0D3-5104B624A39F}.Release|x64.Build.0 = Release|x64
		{44D24594-F184-41A6-B0D3-5104B624A39F}.Release|x86.ActiveCfg = Release|Win32
		{44D24594-F184-41A6-B0D3-5104B624A39F}.Release|x86.Build.0 = Release|Win32
	EndGlobalSection
	GlobalSection(SolutionProperties) = preSolution
		HideSolutionNode = FALSE
	EndGlobalSection
	GlobalSection(ExtensibilityGlobals) = postSolution
		SolutionGuid = {9E34C306-8A1E-4561-88B9-20FF9FE3DE0F}
	EndGlobalSection
EndGlobal
